
Microsoft Visual Studio Solution File, Format Version 12.00
# Visual Studio Version 17
VisualStudioVersion = 17.8.34525.116
MinimumVisualStudioVersion = 10.0.40219.1
Project("{9A19103F-16F7-4668-BE54-9A1E7A4F7556}") = "WebApplication1.Models", "WebApplication1.Models\WebApplication1.Models.csproj", "{10F0CF60-BF46-486F-8B50-94ED63A724D9}"
EndProject
Project("{9A19103F-16F7-4668-BE54-9A1E7A4F7556}") = "WebApplication1.Utility", "WebApplication1.Utility\WebApplication1.Utility.csproj", "{648B5E84-6F9B-4098-813C-74ED6F567E01}"
EndProject
Project("{9A19103F-16F7-4668-BE54-9A1E7A4F7556}") = "WebApplication1", "WebApplication1\WebApplication1.csproj", "{36759819-3627-4A8F-8A35-1423A528006D}"
EndProject
Global
	GlobalSection(SolutionConfigurationPlatforms) = preSolution
		Debug|Any CPU = Debug|Any CPU
		Release|Any CPU = Release|Any CPU
	EndGlobalSection
	GlobalSection(ProjectConfigurationPlatforms) = postSolution
		{10F0CF60-BF46-486F-8B50-94ED63A724D9}.Debug|Any CPU.ActiveCfg = Debug|Any CPU
		{10F0CF60-BF46-486F-8B50-94ED63A724D9}.Debug|Any CPU.Build.0 = Debug|Any CPU
		{10F0CF60-BF46-486F-8B50-94ED63A724D9}.Release|Any CPU.ActiveCfg = Release|Any CPU
		{10F0CF60-BF46-486F-8B50-94ED63A724D9}.Release|Any CPU.Build.0 = Release|Any CPU
		{648B5E84-6F9B-4098-813C-74ED6F567E01}.Debug|Any CPU.ActiveCfg = Debug|Any CPU
		{648B5E84-6F9B-4098-813C-74ED6F567E01}.Debug|Any CPU.Build.0 = Debug|Any CPU
		{648B5E84-6F9B-4098-813C-74ED6F567E01}.Release|Any CPU.ActiveCfg = Release|Any CPU
		{648B5E84-6F9B-4098-813C-74ED6F567E01}.Release|Any CPU.Build.0 = Release|Any CPU
		{36759819-3627-4A8F-8A35-1423A528006D}.Debug|Any CPU.ActiveCfg = Debug|Any CPU
		{36759819-3627-4A8F-8A35-1423A528006D}.Debug|Any CPU.Build.0 = Debug|Any CPU
		{36759819-3627-4A8F-8A35-1423A528006D}.Release|Any CPU.ActiveCfg = Release|Any CPU
		{36759819-3627-4A8F-8A35-1423A528006D}.Release|Any CPU.Build.0 = Release|Any CPU
	EndGlobalSection
	GlobalSection(SolutionProperties) = preSolution
		HideSolutionNode = FALSE
	EndGlobalSection
	GlobalSection(ExtensibilityGlobals) = postSolution
		SolutionGuid = {48844D97-13A5-4E44-8A71-1AE3E919E5DF}
	EndGlobalSection
EndGlobal
